
Microsoft Visual Studio Solution File, Format Version 12.00
# Visual Studio Version 17
VisualStudioVersion = 17.9.34607.119
MinimumVisualStudioVersion = 10.0.40219.1
Project("{FAE04EC0-301F-11D3-BF4B-00C04F79EFBC}") = "NZWalksStudy.API", "NZWalksStudy.API\NZWalksStudy.API.csproj", "{17A3B510-5C44-4E87-81DD-C10AD21BFB32}"
EndProject
Global
	GlobalSection(SolutionConfigurationPlatforms) = preSolution
		Debug|Any CPU = Debug|Any CPU
		Release|Any CPU = Release|Any CPU
	EndGlobalSection
	GlobalSection(ProjectConfigurationPlatforms) = postSolution
		{17A3B510-5C44-4E87-81DD-C10AD21BFB32}.Debug|Any CPU.ActiveCfg = Debug|Any CPU
		{17A3B510-5C44-4E87-81DD-C10AD21BFB32}.Debug|Any CPU.Build.0 = Debug|Any CPU
		{17A3B510-5C44-4E87-81DD-C10AD21BFB32}.Release|Any CPU.ActiveCfg = Release|Any CPU
		{17A3B510-5C44-4E87-81DD-C10AD21BFB32}.Release|Any CPU.Build.0 = Release|Any CPU
	EndGlobalSection
	GlobalSection(SolutionProperties) = preSolution
		HideSolutionNode = FALSE
	EndGlobalSection
	GlobalSection(ExtensibilityGlobals) = postSolution
		SolutionGuid = {A5C3DB15-C7D9-4A4A-B105-9231F895D3FC}
	EndGlobalSection
EndGlobal
